Microsoft Visual Studio Solution File, Format Version 12.00
# Visual Studio 15
VisualStudioVersion = 15.0.27130.2027
MinimumVisualStudioVersion = 10.0.40219.1
Project("{FAE04EC0-301F-11D3-BF4B-00C04F79EFBC}") = "Weigh.iOS", "src\Weigh.iOS\Weigh.iOS.csproj", "{A8346715-8D5E-4C1E-9AC7-AC893B3EFD42}"
EndProject
Project("{FAE04EC0-301F-11D3-BF4B-00C04F79EFBC}") = "Weigh.Droid", "src\Weigh.Droid\Weigh.Droid.csproj", "{A4960CCB-F812-4264-9D52-96CA468185D5}"
EndProject
Project("{FAE04EC0-301F-11D3-BF4B-00C04F79EFBC}") = "Weigh.UWP", "src\Weigh.UWP\Weigh.UWP.csproj", "{EB352151-F309-4B1F-BAC3-35D0326CDC34}"
EndProject
Project("{9A19103F-16F7-4668-BE54-9A1E7A4F7556}") = "Weigh.UITests", "tests\Weigh.UITests\Weigh.UITests.csproj", "{3313FCA7-748B-4D4C-99A3-11B9238BD843}"
EndProject
Project("{2150E333-8FDC-42A3-9474-1A3956D46DE8}") = "src", "src", "{168FB955-3B99-4DCA-9D81-503D7A92351A}"
EndProject
Project("{2150E333-8FDC-42A3-9474-1A3956D46DE8}") = "tests", "tests", "{E00CC9A4-2CD9-4564-AC3D-DB5F4C56798E}"
EndProject
Project("{9A19103F-16F7-4668-BE54-9A1E7A4F7556}") = "Weigh", "src\Weigh\Weigh.csproj", "{C66CF1F5-1794-4B21-9AFE-A14362CA3076}"
EndProject
Global
	GlobalSection(SolutionConfigurationPlatforms) = preSolution
		Debug|Any CPU = Debug|Any CPU
		Debug|iPhone = Debug|iPhone
		Debug|iPhoneSimulator = Debug|iPhoneSimulator
		Debug|x64 = Debug|x64
		Debug|x86 = Debug|x86
		Release|Any CPU = Release|Any CPU
		Release|iPhone = Release|iPhone
		Release|iPhoneSimulator = Release|iPhoneSimulator
		Release|x64 = Release|x64
		Release|x86 = Release|x86
	EndGlobalSection
	GlobalSection(ProjectConfigurationPlatforms) = postSolution
		{A8346715-8D5E-4C1E-9AC7-AC893B3EFD42}.Debug|Any CPU.ActiveCfg = Debug|iPhoneSimulator
		{A8346715-8D5E-4C1E-9AC7-AC893B3EFD42}.Debug|Any CPU.Build.0 = Debug|iPhoneSimulator
		{A8346715-8D5E-4C1E-9AC7-AC893B3EFD42}.Debug|iPhone.ActiveCfg = Debug|iPhone
		{A8346715-8D5E-4C1E-9AC7-AC893B3EFD42}.Debug|iPhone.Build.0 = Debug|iPhone
		{A8346715-8D5E-4C1E-9AC7-AC893B3EFD42}.Debug|iPhoneSimulator.ActiveCfg = Debug|iPhoneSimulator
		{A8346715-8D5E-4C1E-9AC7-AC893B3EFD42}.Debug|iPhoneSimulator.Build.0 = Debug|iPhoneSimulator
		{A8346715-8D5E-4C1E-9AC7-AC893B3EFD42}.Debug|x64.ActiveCfg = Debug|iPhone
		{A8346715-8D5E-4C1E-9AC7-AC893B3EFD42}.Debug|x86.ActiveCfg = Debug|iPhone
		{A8346715-8D5E-4C1E-9AC7-AC893B3EFD42}.Release|Any CPU.ActiveCfg = Release|iPhone
		{A8346715-8D5E-4C1E-9AC7-AC893B3EFD42}.Release|Any CPU.Build.0 = Release|iPhone
		{A8346715-8D5E-4C1E-9AC7-AC893B3EFD42}.Release|iPhone.ActiveCfg = Release|iPhone
		{A8346715-8D5E-4C1E-9AC7-AC893B3EFD42}.Release|iPhone.Build.0 = Release|iPhone
		{A8346715-8D5E-4C1E-9AC7-AC893B3EFD42}.Release|iPhoneSimulator.ActiveCfg = Release|iPhoneSimulator
		{A8346715-8D5E-4C1E-9AC7-AC893B3EFD42}.Release|iPhoneSimulator.Build.0 = Release|iPhoneSimulator
		{A8346715-8D5E-4C1E-9AC7-AC893B3EFD42}.Release|x64.ActiveCfg = Release|iPhoneSimulator
		{A8346715-8D5E-4C1E-9AC7-AC893B3EFD42}.Release|x86.ActiveCfg = Release|iPhoneSimulator
		{A4960CCB-F812-4264-9D52-96CA468185D5}.Debug|Any CPU.ActiveCfg = Debug|Any CPU
		{A4960CCB-F812-4264-9D52-96CA468185D5}.Debug|Any CPU.Build.0 = Debug|Any CPU
		{A4960CCB-F812-4264-9D52-96CA468185D5}.Debug|Any CPU.Deploy.0 = Debug|Any CPU
		{A4960CCB-F812-4264-9D52-96CA468185D5}.Debug|iPhone.ActiveCfg = Debug|Any CPU
		{A4960CCB-F812-4264-9D52-96CA468185D5}.Debug|iPhoneSimulator.ActiveCfg = Debug|Any CPU
		{A4960CCB-F812-4264-9D52-96CA468185D5}.Debug|x64.ActiveCfg = Debug|Any CPU
		{A4960CCB-F812-4264-9D52-96CA468185D5}.Debug|x64.Build.0 = Debug|Any CPU
		{A4960CCB-F812-4264-9D52-96CA468185D5}.Debug|x64.Deploy.0 = Debug|Any CPU
		{A4960CCB-F812-4264-9D52-96CA468185D5}.Debug|x86.ActiveCfg = Debug|Any CPU
		{A4960CCB-F812-4264-9D52-96CA468185D5}.Debug|x86.Build.0 = Debug|Any CPU
		{A4960CCB-F812-4264-9D52-96CA468185D5}.Debug|x86.Deploy.0 = Debug|Any CPU
		{A4960CCB-F812-4264-9D52-96CA468185D5}.Release|Any CPU.ActiveCfg = Release|Any CPU
		{A4960CCB-F812-4264-9D52-96CA468185D5}.Release|Any CPU.Build.0 = Release|Any CPU
		{A4960CCB-F812-4264-9D52-96CA468185D5}.Release|Any CPU.Deploy.0 = Release|Any CPU
		{A4960CCB-F812-4264-9D52-96CA468185D5}.Release|iPhone.ActiveCfg = Release|Any CPU
		{A4960CCB-F812-4264-9D52-96CA468185D5}.Release|iPhoneSimulator.ActiveCfg = Release|Any CPU
		{A4960CCB-F812-4264-9D52-96CA468185D5}.Release|x64.ActiveCfg = Release|Any CPU
		{A4960CCB-F812-4264-9D52-96CA468185D5}.Release|x64.Build.0 = Release|Any CPU
		{A4960CCB-F812-4264-9D52-96CA468185D5}.Release|x64.Deploy.0 = Release|Any CPU
		{A4960CCB-F812-4264-9D52-96CA468185D5}.Release|x86.ActiveCfg = Release|Any CPU
		{A4960CCB-F812-4264-9D52-96CA468185D5}.Release|x86.Build.0 = Release|Any CPU
		{A4960CCB-F812-4264-9D52-96CA468185D5}.Release|x86.Deploy.0 = Release|Any CPU
		{EB352151-F309-4B1F-BAC3-35D0326CDC34}.Debug|Any CPU.ActiveCfg = Debug|x86
		{EB352151-F309-4B1F-BAC3-35D0326CDC34}.Debug|iPhone.ActiveCfg = Debug|x86
		{EB352151-F309-4B1F-BAC3-35D0326CDC34}.Debug|iPhoneSimulator.ActiveCfg = Debug|x86
		{EB352151-F309-4B1F-BAC3-35D0326CDC34}.Debug|x64.ActiveCfg = Debug|x64
		{EB352151-F309-4B1F-BAC3-35D0326CDC34}.Debug|x64.Build.0 = Debug|x64
		{EB352151-F309-4B1F-BAC3-35D0326CDC34}.Debug|x64.Deploy.0 = Debug|x64
		{EB352151-F309-4B1F-BAC3-35D0326CDC34}.Debug|x86.ActiveCfg = Debug|x86
		{EB352151-F309-4B1F-BAC3-35D0326CDC34}.Debug|x86.Build.0 = Debug|x86
		{EB352151-F309-4B1F-BAC3-35D0326CDC34}.Debug|x86.Deploy.0 = Debug|x86
		{EB352151-F309-4B1F-BAC3-35D0326CDC34}.Release|Any CPU.ActiveCfg = Release|x86
		{EB352151-F309-4B1F-BAC3-35D0326CDC34}.Release|iPhone.ActiveCfg = Release|x86
		{EB352151-F309-4B1F-BAC3-35D0326CDC34}.Release|iPhoneSimulator.ActiveCfg = Release|x86
		{EB352151-F309-4B1F-BAC3-35D0326CDC34}.Release|x64.ActiveCfg = Release|x64
		{EB352151-F309-4B1F-BAC3-35D0326CDC34}.Release|x64.Build.0 = Release|x64
		{EB352151-F309-4B1F-BAC3-35D0326CDC34}.Release|x64.Deploy.0 = Release|x64
		{EB352151-F309-4B1F-BAC3-35D0326CDC34}.Release|x86.ActiveCfg = Release|x86
		{EB352151-F309-4B1F-BAC3-35D0326CDC34}.Release|x86.Build.0 = Release|x86
		{EB352151-F309-4B1F-BAC3-35D0326CDC34}.Release|x86.Deploy.0 = Release|x86
		{3313FCA7-748B-4D4C-99A3-11B9238BD843}.Debug|Any CPU.ActiveCfg = Debug|Any CPU
		{3313FCA7-748B-4D4C-99A3-11B9238BD843}.Debug|Any CPU.Build.0 = Debug|Any CPU
		{3313FCA7-748B-4D4C-99A3-11B9238BD843}.Debug|iPhone.ActiveCfg = Debug|Any CPU
		{3313FCA7-748B-4D4C-99A3-11B9238BD843}.Debug|iPhone.Build.0 = Debug|Any CPU
		{3313FCA7-748B-4D4C-99A3-11B9238BD843}.Debug|iPhoneSimulator.ActiveCfg = Debug|Any CPU
		{3313FCA7-748B-4D4C-99A3-11B9238BD843}.Debug|iPhoneSimulator.Build.0 = Debug|Any CPU
		{3313FCA7-748B-4D4C-99A3-11B9238BD843}.Debug|x64.ActiveCfg = Debug|Any CPU
		{3313FCA7-748B-4D4C-99A3-11B9238BD843}.Debug|x64.Build.0 = Debug|Any CPU
		{3313FCA7-748B-4D4C-99A3-11B9238BD843}.Debug|x86.ActiveCfg = Debug|Any CPU
		{3313FCA7-748B-4D4C-99A3-11B9238BD843}.Debug|x86.Build.0 = Debug|Any CPU
		{3313FCA7-748B-4D4C-99A3-11B9238BD843}.Release|Any CPU.ActiveCfg = Release|Any CPU
		{3313FCA7-748B-4D4C-99A3-11B9238BD843}.Release|iPhone.ActiveCfg = Release|Any CPU
		{3313FCA7-748B-4D4C-99A3-11B9238BD843}.Release|iPhoneSimulator.ActiveCfg = Release|Any CPU
		{3313FCA7-748B-4D4C-99A3-11B9238BD843}.Release|x64.ActiveCfg = Release|Any CPU
		{3313FCA7-748B-4D4C-99A3-11B9238BD843}.Release|x64.Build.0 = Release|Any CPU
		{3313FCA7-748B-4D4C-99A3-11B9238BD843}.Release|x86.ActiveCfg = Release|Any CPU
		{3313FCA7-748B-4D4C-99A3-11B9238BD843}.Release|x86.Build.0 = Release|Any CPU
		{C66CF1F5-1794-4B21-9AFE-A14362CA3076}.Debug|Any CPU.ActiveCfg = Debug|Any CPU
		{C66CF1F5-1794-4B21-9AFE-A14362CA3076}.Debug|Any CPU.Build.0 = Debug|Any CPU
		{C66CF1F5-1794-4B21-9AFE-A14362CA3076}.Debug|iPhone.ActiveCfg = Debug|Any CPU
		{C66CF1F5-1794-4B21-9AFE-A14362CA3076}.Debug|iPhone.Build.0 = Debug|Any CPU
		{C66CF1F5-1794-4B21-9AFE-A14362CA3076}.Debug|iPhoneSimulator.ActiveCfg = Debug|Any CPU
		{C66CF1F5-1794-4B21-9AFE-A14362CA3076}.Debug|iPhoneSimulator.Build.0 = Debug|Any CPU
		{C66CF1F5-1794-4B21-9AFE-A14362CA3076}.Debug|x64.ActiveCfg = Debug|Any CPU
		{C66CF1F5-1794-4B21-9AFE-A14362CA3076}.Debug|x64.Build.0 = Debug|Any CPU
		{C66CF1F5-1794-4B21-9AFE-A14362CA3076}.Debug|x86.ActiveCfg = Debug|Any CPU
		{C66CF1F5-1794-4B21-9AFE-A14362CA3076}.Debug|x86.Build.0 = Debug|Any CPU
		{C66CF1F5-1794-4B21-9AFE-A14362CA3076}.Release|Any CPU.ActiveCfg = Release|Any CPU
		{C66CF1F5-1794-4B21-9AFE-A14362CA3076}.Release|Any CPU.Build.0 = Release|Any CPU
		{C66CF1F5-1794-4B21-9AFE-A14362CA3076}.Release|iPhone.ActiveCfg = Release|Any CPU
		{C66CF1F5-1794-4B21-9AFE-A14362CA3076}.Release|iPhone.Build.0 = Release|Any CPU
		{C66CF1F5-1794-4B21-9AFE-A14362CA3076}.Release|iPhoneSimulator.ActiveCfg = Release|Any CPU
		{C66CF1F5-1794-4B21-9AFE-A14362CA3076}.Release|iPhoneSimulator.Build.0 = Release|Any CPU
		{C66CF1F5-1794-4B21-9AFE-A14362CA3076}.Release|x64.ActiveCfg = Release|Any CPU
		{C66CF1F5-1794-4B21-9AFE-A14362CA3076}.Release|x64.Build.0 = Release|Any CPU
		{C66CF1F5-1794-4B21-9AFE-A14362CA3076}.Release|x86.ActiveCfg = Release|Any CPU
		{C66CF1F5-1794-4B21-9AFE-A14362CA3076}.Release|x86.Build.0 = Release|Any CPU
	EndGlobalSection
	GlobalSection(SolutionProperties) = preSolution
		HideSolutionNode = FALSE
	EndGlobalSection
	GlobalSection(NestedProjects) = preSolution
		{A8346715-8D5E-4C1E-9AC7-AC893B3EFD42} = {168FB955-3B99-4DCA-9D81-503D7A92351A}
		{A4960CCB-F812-4264-9D52-96CA468185D5} = {168FB955-3B99-4DCA-9D81-503D7A92351A}
		{EB352151-F309-4B1F-BAC3-35D0326CDC34} = {168FB955-3B99-4DCA-9D81-503D7A92351A}
		{3313FCA7-748B-4D4C-99A3-11B9238BD843} = {E00CC9A4-2CD9-4564-AC3D-DB5F4C56798E}
		{C66CF1F5-1794-4B21-9AFE-A14362CA3076} = {168FB955-3B99-4DCA-9D81-503D7A92351A}
	EndGlobalSection
	GlobalSection(ExtensibilityGlobals) = postSolution
		SolutionGuid = {E15598F9-7D8B-4F49-8BA3-F647C282CF1E}
	EndGlobalSection
EndGlobal
